
Microsoft Visual Studio Solution File, Format Version 12.00
# Visual Studio Version 16
VisualStudioVersion = 16.0.34031.81
MinimumVisualStudioVersion = 10.0.40219.1
Project("{FAE04EC0-301F-11D3-BF4B-00C04F79EFBC}") = "63CNTTN2", "63CNTTN2\63CNTTN2.csproj", "{7C65C9CB-589E-4566-A9CE-3DA29ACAC3E7}"
EndProject
Project("{FAE04EC0-301F-11D3-BF4B-00C04F79EFBC}") = "MyClass", "MyClass\MyClass.csproj", "{CEA1F5D7-5DE6-405D-BA56-9B27579C5E1D}"
EndProject
Global
	GlobalSection(SolutionConfigurationPlatforms) = preSolution
		Debug|Any CPU = Debug|Any CPU
		Release|Any CPU = Release|Any CPU
	EndGlobalSection
	GlobalSection(ProjectConfigurationPlatforms) = postSolution
		{7C65C9CB-589E-4566-A9CE-3DA29ACAC3E7}.Debug|Any CPU.ActiveCfg = Debug|Any CPU
		{7C65C9CB-589E-4566-A9CE-3DA29ACAC3E7}.Debug|Any CPU.Build.0 = Debug|Any CPU
		{7C65C9CB-589E-4566-A9CE-3DA29ACAC3E7}.Release|Any CPU.ActiveCfg = Release|Any CPU
		{7C65C9CB-589E-4566-A9CE-3DA29ACAC3E7}.Release|Any CPU.Build.0 = Release|Any CPU
		{CEA1F5D7-5DE6-405D-BA56-9B27579C5E1D}.Debug|Any CPU.ActiveCfg = Debug|Any CPU
		{CEA1F5D7-5DE6-405D-BA56-9B27579C5E1D}.Debug|Any CPU.Build.0 = Debug|Any CPU
		{CEA1F5D7-5DE6-405D-BA56-9B27579C5E1D}.Release|Any CPU.ActiveCfg = Release|Any CPU
		{CEA1F5D7-5DE6-405D-BA56-9B27579C5E1D}.Release|Any CPU.Build.0 = Release|Any CPU
	EndGlobalSection
	GlobalSection(SolutionProperties) = preSolution
		HideSolutionNode = FALSE
	EndGlobalSection
	GlobalSection(ExtensibilityGlobals) = postSolution
		SolutionGuid = {9676CB11-57F7-4FE8-B954-5ED61A01B81C}
	EndGlobalSection
EndGlobal
